// !$*UTF8*$!
{
	archiveVersion = 1;
	classes = {
	};
	objectVersion = 56;
	objects = {

/* Begin PBXBuildFile section */
		B620AF5429D1F0F200A7E3F3 /* MultiplatformNewsAppApp.swift in Sources */ = {isa = PBXBuildFile; fileRef = B620AF5329D1F0F200A7E3F3 /* MultiplatformNewsAppApp.swift */; };
		B620AF5629D1F0F200A7E3F3 /* ContentView.swift in Sources */ = {isa = PBXBuildFile; fileRef = B620AF5529D1F0F200A7E3F3 /* ContentView.swift */; };
		B620AF5829D1F0F400A7E3F3 /* Assets.xcassets in Resources */ = {isa = PBXBuildFile; fileRef = B620AF5729D1F0F400A7E3F3 /* Assets.xcassets */; };
		B620AF5B29D1F0F400A7E3F3 /* Preview Assets.xcassets in Resources */ = {isa = PBXBuildFile; fileRef = B620AF5A29D1F0F400A7E3F3 /* Preview Assets.xcassets */; };
		B620AF6329D2E46C00A7E3F3 /* ArticleModel.swift in Sources */ = {isa = PBXBuildFile; fileRef = B620AF6229D2E46C00A7E3F3 /* ArticleModel.swift */; };
		B620AF6529D2E8B900A7E3F3 /* ArticleMoc.json in Resources */ = {isa = PBXBuildFile; fileRef = B620AF6429D2E8B900A7E3F3 /* ArticleMoc.json */; };
		B620AF6829D2ED3000A7E3F3 /* ArticleAPIResponse.swift in Sources */ = {isa = PBXBuildFile; fileRef = B620AF6729D2ED3000A7E3F3 /* ArticleAPIResponse.swift */; };
		B620AF6B29D2F6A300A7E3F3 /* ArticleRowView.swift in Sources */ = {isa = PBXBuildFile; fileRef = B620AF6A29D2F6A300A7E3F3 /* ArticleRowView.swift */; };
		B620AF6E29D30B2200A7E3F3 /* ArticleListView.swift in Sources */ = {isa = PBXBuildFile; fileRef = B620AF6D29D30B2200A7E3F3 /* ArticleListView.swift */; };
		B620AF7029D30CD300A7E3F3 /* SafariView.swift in Sources */ = {isa = PBXBuildFile; fileRef = B620AF6F29D30CD300A7E3F3 /* SafariView.swift */; };
		B620AF7529D322A500A7E3F3 /* NewsAPI.swift in Sources */ = {isa = PBXBuildFile; fileRef = B620AF7429D322A500A7E3F3 /* NewsAPI.swift */; };
		B620AF7729D3234600A7E3F3 /* CategoryEnum.swift in Sources */ = {isa = PBXBuildFile; fileRef = B620AF7629D3234600A7E3F3 /* CategoryEnum.swift */; };
		B620AF7A29D32A7E00A7E3F3 /* ArticleNewsVM.swift in Sources */ = {isa = PBXBuildFile; fileRef = B620AF7929D32A7E00A7E3F3 /* ArticleNewsVM.swift */; };
		B620AF7C29D32FCA00A7E3F3 /* NewsTabView.swift in Sources */ = {isa = PBXBuildFile; fileRef = B620AF7B29D32FCA00A7E3F3 /* NewsTabView.swift */; };
		B620AF7E29D342C000A7E3F3 /* EmotyPlaceholderView.swift in Sources */ = {isa = PBXBuildFile; fileRef = B620AF7D29D342C000A7E3F3 /* EmotyPlaceholderView.swift */; };
		B620AF8029D4332800A7E3F3 /* RetryView.swift in Sources */ = {isa = PBXBuildFile; fileRef = B620AF7F29D4332800A7E3F3 /* RetryView.swift */; };
		B620AF8329D453A000A7E3F3 /* ArticleBookmarkVM.swift in Sources */ = {isa = PBXBuildFile; fileRef = B620AF8229D453A000A7E3F3 /* ArticleBookmarkVM.swift */; };
		B620AF8529D4628800A7E3F3 /* BookmarkTabView.swift in Sources */ = {isa = PBXBuildFile; fileRef = B620AF8429D4628800A7E3F3 /* BookmarkTabView.swift */; };
		B620AF8729D466E200A7E3F3 /* DataStore.swift in Sources */ = {isa = PBXBuildFile; fileRef = B620AF8629D466E200A7E3F3 /* DataStore.swift */; };
		B620AF8929D483C100A7E3F3 /* ArticleSearchVM.swift in Sources */ = {isa = PBXBuildFile; fileRef = B620AF8829D483C100A7E3F3 /* ArticleSearchVM.swift */; };
		B620AF8B29D485A800A7E3F3 /* SearchTabView.swift in Sources */ = {isa = PBXBuildFile; fileRef = B620AF8A29D485A800A7E3F3 /* SearchTabView.swift */; };
		B620AF8D29D493EF00A7E3F3 /* SearchHistoryListView.swift in Sources */ = {isa = PBXBuildFile; fileRef = B620AF8C29D493EF00A7E3F3 /* SearchHistoryListView.swift */; };
		B620AF8F29D5C31200A7E3F3 /* TabContentView.swift in Sources */ = {isa = PBXBuildFile; fileRef = B620AF8E29D5C31200A7E3F3 /* TabContentView.swift */; };
		B620AF9129D5C34500A7E3F3 /* SidebarContentView.swift in Sources */ = {isa = PBXBuildFile; fileRef = B620AF9029D5C34500A7E3F3 /* SidebarContentView.swift */; };
		B620AF9329D5C5A900A7E3F3 /* MenuItems.swift in Sources */ = {isa = PBXBuildFile; fileRef = B620AF9229D5C5A900A7E3F3 /* MenuItems.swift */; };
		B620AF9529DB109A00A7E3F3 /* TabMenuItem.swift in Sources */ = {isa = PBXBuildFile; fileRef = B620AF9429DB109900A7E3F3 /* TabMenuItem.swift */; };
		B620AF9D29DC462E00A7E3F3 /* MultiplatformNewsAppMacApp.swift in Sources */ = {isa = PBXBuildFile; fileRef = B620AF9C29DC462E00A7E3F3 /* MultiplatformNewsAppMacApp.swift */; };
		B620AF9F29DC462E00A7E3F3 /* ContentView.swift in Sources */ = {isa = PBXBuildFile; fileRef = B620AF9E29DC462E00A7E3F3 /* ContentView.swift */; };
		B620AFA129DC463000A7E3F3 /* Assets.xcassets in Resources */ = {isa = PBXBuildFile; fileRef = B620AFA029DC463000A7E3F3 /* Assets.xcassets */; };
		B620AFA429DC463000A7E3F3 /* Preview Assets.xcassets in Resources */ = {isa = PBXBuildFile; fileRef = B620AFA329DC463000A7E3F3 /* Preview Assets.xcassets */; };
		B620AFAF29DC49B100A7E3F3 /* ArticleNewsVM.swift in Sources */ = {isa = PBXBuildFile; fileRef = B620AF7929D32A7E00A7E3F3 /* ArticleNewsVM.swift */; };
		B620AFB029DC49B100A7E3F3 /* ArticleSearchVM.swift in Sources */ = {isa = PBXBuildFile; fileRef = B620AF8829D483C100A7E3F3 /* ArticleSearchVM.swift */; };
		B620AFB129DC49B100A7E3F3 /* ArticleAPIResponse.swift in Sources */ = {isa = PBXBuildFile; fileRef = B620AF6729D2ED3000A7E3F3 /* ArticleAPIResponse.swift */; };
		B620AFB229DC49B100A7E3F3 /* DataStore.swift in Sources */ = {isa = PBXBuildFile; fileRef = B620AF8629D466E200A7E3F3 /* DataStore.swift */; };
		B620AFB329DC49B100A7E3F3 /* CategoryEnum.swift in Sources */ = {isa = PBXBuildFile; fileRef = B620AF7629D3234600A7E3F3 /* CategoryEnum.swift */; };
		B620AFB429DC49B100A7E3F3 /* NewsAPI.swift in Sources */ = {isa = PBXBuildFile; fileRef = B620AF7429D322A500A7E3F3 /* NewsAPI.swift */; };
		B620AFB529DC49B100A7E3F3 /* ArticleMoc.json in Resources */ = {isa = PBXBuildFile; fileRef = B620AF6429D2E8B900A7E3F3 /* ArticleMoc.json */; };
		B620AFB629DC49B100A7E3F3 /* ArticleBookmarkVM.swift in Sources */ = {isa = PBXBuildFile; fileRef = B620AF8229D453A000A7E3F3 /* ArticleBookmarkVM.swift */; };
		B620AFB729DC49B100A7E3F3 /* MenuItems.swift in Sources */ = {isa = PBXBuildFile; fileRef = B620AF9229D5C5A900A7E3F3 /* MenuItems.swift */; };
		B620AFB829DC49B100A7E3F3 /* ArticleModel.swift in Sources */ = {isa = PBXBuildFile; fileRef = B620AF6229D2E46C00A7E3F3 /* ArticleModel.swift */; };
		B620AFBB29DC4EAA00A7E3F3 /* SidebarListView.swift in Sources */ = {isa = PBXBuildFile; fileRef = B620AFBA29DC4EAA00A7E3F3 /* SidebarListView.swift */; };
		B620AFBD29DC63EA00A7E3F3 /* EmotyPlaceholderView.swift in Sources */ = {isa = PBXBuildFile; fileRef = B620AF7D29D342C000A7E3F3 /* EmotyPlaceholderView.swift */; };
		B620AFBE29DC63EA00A7E3F3 /* ArticleRowView.swift in Sources */ = {isa = PBXBuildFile; fileRef = B620AF6A29D2F6A300A7E3F3 /* ArticleRowView.swift */; };
		B620AFBF29DC63EA00A7E3F3 /* ArticleListView.swift in Sources */ = {isa = PBXBuildFile; fileRef = B620AF6D29D30B2200A7E3F3 /* ArticleListView.swift */; };
		B620AFC029DC63EA00A7E3F3 /* NewsTabView.swift in Sources */ = {isa = PBXBuildFile; fileRef = B620AF7B29D32FCA00A7E3F3 /* NewsTabView.swift */; };
		B620AFC129DC63EA00A7E3F3 /* RetryView.swift in Sources */ = {isa = PBXBuildFile; fileRef = B620AF7F29D4332800A7E3F3 /* RetryView.swift */; };
		B620AFC229DC892400A7E3F3 /* BookmarkTabView.swift in Sources */ = {isa = PBXBuildFile; fileRef = B620AF8429D4628800A7E3F3 /* BookmarkTabView.swift */; };
		B620AFC429DF147700A7E3F3 /* FocusedValue+RefreshAction.swift in Sources */ = {isa = PBXBuildFile; fileRef = B620AFC329DF147700A7E3F3 /* FocusedValue+RefreshAction.swift */; };
		B620AFC629DF1F2B00A7E3F3 /* NewsCommands.swift in Sources */ = {isa = PBXBuildFile; fileRef = B620AFC529DF1F2B00A7E3F3 /* NewsCommands.swift */; };
/* End PBXBuildFile section */

/* Begin PBXFileReference section */
		B620AF5029D1F0F200A7E3F3 /* MultiplatformNewsApp.app */ = {isa = PBXFileReference; explicitFileType = wrapper.application; includeInIndex = 0; path = MultiplatformNewsApp.app; sourceTree = BUILT_PRODUCTS_DIR; };
		B620AF5329D1F0F200A7E3F3 /* MultiplatformNewsAppApp.swift */ = {isa = PBXFileReference; lastKnownFileType = sourcecode.swift; path = MultiplatformNewsAppApp.swift; sourceTree = "<group>"; };
		B620AF5529D1F0F200A7E3F3 /* ContentView.swift */ = {isa = PBXFileReference; lastKnownFileType = sourcecode.swift; path = ContentView.swift; sourceTree = "<group>"; };
		B620AF5729D1F0F400A7E3F3 /* Assets.xcassets */ = {isa = PBXFileReference; lastKnownFileType = folder.assetcatalog; path = Assets.xcassets; sourceTree = "<group>"; };
		B620AF5A29D1F0F400A7E3F3 /* Preview Assets.xcassets */ = {isa = PBXFileReference; lastKnownFileType = folder.assetcatalog; path = "Preview Assets.xcassets"; sourceTree = "<group>"; };
		B620AF6229D2E46C00A7E3F3 /* ArticleModel.swift */ = {isa = PBXFileReference; lastKnownFileType = sourcecode.swift; path = ArticleModel.swift; sourceTree = "<group>"; };
		B620AF6429D2E8B900A7E3F3 /* ArticleMoc.json */ = {isa = PBXFileReference; lastKnownFileType = text.json; path = ArticleMoc.json; sourceTree = "<group>"; };
		B620AF6729D2ED3000A7E3F3 /* ArticleAPIResponse.swift */ = {isa = PBXFileReference; lastKnownFileType = sourcecode.swift; path = ArticleAPIResponse.swift; sourceTree = "<group>"; };
		B620AF6A29D2F6A300A7E3F3 /* ArticleRowView.swift */ = {isa = PBXFileReference; lastKnownFileType = sourcecode.swift; path = ArticleRowView.swift; sourceTree = "<group>"; };
		B620AF6C29D302B000A7E3F3 /* Info.plist */ = {isa = PBXFileReference; lastKnownFileType = text.plist; path = Info.plist; sourceTree = "<group>"; };
		B620AF6D29D30B2200A7E3F3 /* ArticleListView.swift */ = {isa = PBXFileReference; lastKnownFileType = sourcecode.swift; path = ArticleListView.swift; sourceTree = "<group>"; };
		B620AF6F29D30CD300A7E3F3 /* SafariView.swift */ = {isa = PBXFileReference; lastKnownFileType = sourcecode.swift; path = SafariView.swift; sourceTree = "<group>"; };
		B620AF7429D322A500A7E3F3 /* NewsAPI.swift */ = {isa = PBXFileReference; lastKnownFileType = sourcecode.swift; path = NewsAPI.swift; sourceTree = "<group>"; };
		B620AF7629D3234600A7E3F3 /* CategoryEnum.swift */ = {isa = PBXFileReference; lastKnownFileType = sourcecode.swift; path = CategoryEnum.swift; sourceTree = "<group>"; };
		B620AF7929D32A7E00A7E3F3 /* ArticleNewsVM.swift */ = {isa = PBXFileReference; lastKnownFileType = sourcecode.swift; path = ArticleNewsVM.swift; sourceTree = "<group>"; };
		B620AF7B29D32FCA00A7E3F3 /* NewsTabView.swift */ = {isa = PBXFileReference; lastKnownFileType = sourcecode.swift; path = NewsTabView.swift; sourceTree = "<group>"; };
		B620AF7D29D342C000A7E3F3 /* EmotyPlaceholderView.swift */ = {isa = PBXFileReference; lastKnownFileType = sourcecode.swift; path = EmotyPlaceholderView.swift; sourceTree = "<group>"; };
		B620AF7F29D4332800A7E3F3 /* RetryView.swift */ = {isa = PBXFileReference; lastKnownFileType = sourcecode.swift; path = RetryView.swift; sourceTree = "<group>"; };
		B620AF8229D453A000A7E3F3 /* ArticleBookmarkVM.swift */ = {isa = PBXFileReference; lastKnownFileType = sourcecode.swift; path = ArticleBookmarkVM.swift; sourceTree = "<group>"; };
		B620AF8429D4628800A7E3F3 /* BookmarkTabView.swift */ = {isa = PBXFileReference; lastKnownFileType = sourcecode.swift; path = BookmarkTabView.swift; sourceTree = "<group>"; };
		B620AF8629D466E200A7E3F3 /* DataStore.swift */ = {isa = PBXFileReference; lastKnownFileType = sourcecode.swift; path = DataStore.swift; sourceTree = "<group>"; };
		B620AF8829D483C100A7E3F3 /* ArticleSearchVM.swift */ = {isa = PBXFileReference; lastKnownFileType = sourcecode.swift; path = ArticleSearchVM.swift; sourceTree = "<group>"; };
		B620AF8A29D485A800A7E3F3 /* SearchTabView.swift */ = {isa = PBXFileReference; lastKnownFileType = sourcecode.swift; path = SearchTabView.swift; sourceTree = "<group>"; };
		B620AF8C29D493EF00A7E3F3 /* SearchHistoryListView.swift */ = {isa = PBXFileReference; lastKnownFileType = sourcecode.swift; path = SearchHistoryListView.swift; sourceTree = "<group>"; };
		B620AF8E29D5C31200A7E3F3 /* TabContentView.swift */ = {isa = PBXFileReference; lastKnownFileType = sourcecode.swift; path = TabContentView.swift; sourceTree = "<group>"; };
		B620AF9029D5C34500A7E3F3 /* SidebarContentView.swift */ = {isa = PBXFileReference; lastKnownFileType = sourcecode.swift; path = SidebarContentView.swift; sourceTree = "<group>"; };
		B620AF9229D5C5A900A7E3F3 /* MenuItems.swift */ = {isa = PBXFileReference; lastKnownFileType = sourcecode.swift; path = MenuItems.swift; sourceTree = "<group>"; };
		B620AF9429DB109900A7E3F3 /* TabMenuItem.swift */ = {isa = PBXFileReference; lastKnownFileType = sourcecode.swift; path = TabMenuItem.swift; sourceTree = "<group>"; };
		B620AF9A29DC462E00A7E3F3 /* MultiplatformNewsApp.app */ = {isa = PBXFileReference; explicitFileType = wrapper.application; includeInIndex = 0; path = MultiplatformNewsApp.app; sourceTree = BUILT_PRODUCTS_DIR; };
		B620AF9C29DC462E00A7E3F3 /* MultiplatformNewsAppMacApp.swift */ = {isa = PBXFileReference; lastKnownFileType = sourcecode.swift; path = MultiplatformNewsAppMacApp.swift; sourceTree = "<group>"; };
		B620AF9E29DC462E00A7E3F3 /* ContentView.swift */ = {isa = PBXFileReference; lastKnownFileType = sourcecode.swift; path = ContentView.swift; sourceTree = "<group>"; };
		B620AFA029DC463000A7E3F3 /* Assets.xcassets */ = {isa = PBXFileReference; lastKnownFileType = folder.assetcatalog; path = Assets.xcassets; sourceTree = "<group>"; };
		B620AFA329DC463000A7E3F3 /* Preview Assets.xcassets */ = {isa = PBXFileReference; lastKnownFileType = folder.assetcatalog; path = "Preview Assets.xcassets"; sourceTree = "<group>"; };
		B620AFA529DC463000A7E3F3 /* MultiplatformNewsAppMac.entitlements */ = {isa = PBXFileReference; lastKnownFileType = text.plist.entitlements; path = MultiplatformNewsAppMac.entitlements; sourceTree = "<group>"; };
		B620AFA929DC482A00A7E3F3 /* Info.plist */ = {isa = PBXFileReference; lastKnownFileType = text.plist; path = Info.plist; sourceTree = "<group>"; };
		B620AFBA29DC4EAA00A7E3F3 /* SidebarListView.swift */ = {isa = PBXFileReference; lastKnownFileType = sourcecode.swift; path = SidebarListView.swift; sourceTree = "<group>"; };
		B620AFC329DF147700A7E3F3 /* FocusedValue+RefreshAction.swift */ = {isa = PBXFileReference; lastKnownFileType = sourcecode.swift; path = "FocusedValue+RefreshAction.swift"; sourceTree = "<group>"; };
		B620AFC529DF1F2B00A7E3F3 /* NewsCommands.swift */ = {isa = PBXFileReference; lastKnownFileType = sourcecode.swift; path = NewsCommands.swift; sourceTree = "<group>"; };
/* End PBXFileReference section */

/* Begin PBXFrameworksBuildPhase section */
		B620AF4D29D1F0F200A7E3F3 /* Frameworks */ = {
			isa = PBXFrameworksBuildPhase;
			buildActionMask = 2147483647;
			files = (
			);
			runOnlyForDeploymentPostprocessing = 0;
		};
		B620AF9729DC462E00A7E3F3 /* Frameworks */ = {
			isa = PBXFrameworksBuildPhase;
			buildActionMask = 2147483647;
			files = (
			);
			runOnlyForDeploymentPostprocessing = 0;
		};
/* End PBXFrameworksBuildPhase section */

/* Begin PBXGroup section */
		B620AF4729D1F0F200A7E3F3 = {
			isa = PBXGroup;
			children = (
				B620AFAA29DC489300A7E3F3 /* MultiplatformNewsShared */,
				B620AF5229D1F0F200A7E3F3 /* MultiplatformNewsApp */,
				B620AF9B29DC462E00A7E3F3 /* MultiplatformNewsAppMac */,
				B620AF5129D1F0F200A7E3F3 /* Products */,
			);
			sourceTree = "<group>";
		};
		B620AF5129D1F0F200A7E3F3 /* Products */ = {
			isa = PBXGroup;
			children = (
				B620AF5029D1F0F200A7E3F3 /* MultiplatformNewsApp.app */,
				B620AF9A29DC462E00A7E3F3 /* MultiplatformNewsApp.app */,
			);
			name = Products;
			sourceTree = "<group>";
		};
		B620AF5229D1F0F200A7E3F3 /* MultiplatformNewsApp */ = {
			isa = PBXGroup;
			children = (
				B620AF6C29D302B000A7E3F3 /* Info.plist */,
				B620AF5329D1F0F200A7E3F3 /* MultiplatformNewsAppApp.swift */,
				B620AF5529D1F0F200A7E3F3 /* ContentView.swift */,
				B620AF6129D2E45000A7E3F3 /* Models */,
				B620AF6929D2F64C00A7E3F3 /* Views */,
				B620AF5729D1F0F400A7E3F3 /* Assets.xcassets */,
				B620AF5929D1F0F400A7E3F3 /* Preview Content */,
			);
			path = MultiplatformNewsApp;
			sourceTree = "<group>";
		};
		B620AF5929D1F0F400A7E3F3 /* Preview Content */ = {
			isa = PBXGroup;
			children = (
				B620AF5A29D1F0F400A7E3F3 /* Preview Assets.xcassets */,
			);
			path = "Preview Content";
			sourceTree = "<group>";
		};
		B620AF6129D2E45000A7E3F3 /* Models */ = {
			isa = PBXGroup;
			children = (
				B620AF9429DB109900A7E3F3 /* TabMenuItem.swift */,
			);
			path = Models;
			sourceTree = "<group>";
		};
		B620AF6929D2F64C00A7E3F3 /* Views */ = {
			isa = PBXGroup;
			children = (
				B620AF8A29D485A800A7E3F3 /* SearchTabView.swift */,
				B620AF8C29D493EF00A7E3F3 /* SearchHistoryListView.swift */,
				B620AF8E29D5C31200A7E3F3 /* TabContentView.swift */,
				B620AF9029D5C34500A7E3F3 /* SidebarContentView.swift */,
				B620AF8129D4347300A7E3F3 /* Components */,
			);
			path = Views;
			sourceTree = "<group>";
		};
		B620AF8129D4347300A7E3F3 /* Components */ = {
			isa = PBXGroup;
			children = (
				B620AF6F29D30CD300A7E3F3 /* SafariView.swift */,
			);
			path = Components;
			sourceTree = "<group>";
		};
		B620AF9B29DC462E00A7E3F3 /* MultiplatformNewsAppMac */ = {
			isa = PBXGroup;
			children = (
				B620AFA929DC482A00A7E3F3 /* Info.plist */,
				B620AF9C29DC462E00A7E3F3 /* MultiplatformNewsAppMacApp.swift */,
				B620AF9E29DC462E00A7E3F3 /* ContentView.swift */,
				B620AFC329DF147700A7E3F3 /* FocusedValue+RefreshAction.swift */,
				B620AFC529DF1F2B00A7E3F3 /* NewsCommands.swift */,
				B620AFB929DC4E7800A7E3F3 /* Views */,
				B620AFA029DC463000A7E3F3 /* Assets.xcassets */,
				B620AFA529DC463000A7E3F3 /* MultiplatformNewsAppMac.entitlements */,
				B620AFA229DC463000A7E3F3 /* Preview Content */,
			);
			path = MultiplatformNewsAppMac;
			sourceTree = "<group>";
		};
		B620AFA229DC463000A7E3F3 /* Preview Content */ = {
			isa = PBXGroup;
			children = (
				B620AFA329DC463000A7E3F3 /* Preview Assets.xcassets */,
			);
			path = "Preview Content";
			sourceTree = "<group>";
		};
		B620AFAA29DC489300A7E3F3 /* MultiplatformNewsShared */ = {
			isa = PBXGroup;
			children = (
				B620AFBC29DC63C500A7E3F3 /* Views */,
				B620AFAE29DC497900A7E3F3 /* Mocks */,
				B620AFAD29DC490900A7E3F3 /* API */,
				B620AFAC29DC490200A7E3F3 /* ViewModels */,
				B620AFAB29DC48F500A7E3F3 /* Models */,
			);
			path = MultiplatformNewsShared;
			sourceTree = "<group>";
		};
		B620AFAB29DC48F500A7E3F3 /* Models */ = {
			isa = PBXGroup;
			children = (
				B620AF7629D3234600A7E3F3 /* CategoryEnum.swift */,
				B620AF9229D5C5A900A7E3F3 /* MenuItems.swift */,
				B620AF6229D2E46C00A7E3F3 /* ArticleModel.swift */,
				B620AF6729D2ED3000A7E3F3 /* ArticleAPIResponse.swift */,
				B620AF8629D466E200A7E3F3 /* DataStore.swift */,
			);
			path = Models;
			sourceTree = "<group>";
		};
		B620AFAC29DC490200A7E3F3 /* ViewModels */ = {
			isa = PBXGroup;
			children = (
				B620AF7929D32A7E00A7E3F3 /* ArticleNewsVM.swift */,
				B620AF8229D453A000A7E3F3 /* ArticleBookmarkVM.swift */,
				B620AF8829D483C100A7E3F3 /* ArticleSearchVM.swift */,
			);
			path = ViewModels;
			sourceTree = "<group>";
		};
		B620AFAD29DC490900A7E3F3 /* API */ = {
			isa = PBXGroup;
			children = (
				B620AF7429D322A500A7E3F3 /* NewsAPI.swift */,
			);
			path = API;
			sourceTree = "<group>";
		};
		B620AFAE29DC497900A7E3F3 /* Mocks */ = {
			isa = PBXGroup;
			children = (
				B620AF6429D2E8B900A7E3F3 /* ArticleMoc.json */,
			);
			path = Mocks;
			sourceTree = "<group>";
		};
		B620AFB929DC4E7800A7E3F3 /* Views */ = {
			isa = PBXGroup;
			children = (
				B620AFBA29DC4EAA00A7E3F3 /* SidebarListView.swift */,
			);
			path = Views;
			sourceTree = "<group>";
		};
		B620AFBC29DC63C500A7E3F3 /* Views */ = {
			isa = PBXGroup;
			children = (
				B620AF6A29D2F6A300A7E3F3 /* ArticleRowView.swift */,
				B620AF6D29D30B2200A7E3F3 /* ArticleListView.swift */,
				B620AF7B29D32FCA00A7E3F3 /* NewsTabView.swift */,
				B620AF8429D4628800A7E3F3 /* BookmarkTabView.swift */,
				B620AF7F29D4332800A7E3F3 /* RetryView.swift */,
				B620AF7D29D342C000A7E3F3 /* EmotyPlaceholderView.swift */,
			);
			path = Views;
			sourceTree = "<group>";
		};
/* End PBXGroup section */

/* Begin PBXNativeTarget section */
		B620AF4F29D1F0F200A7E3F3 /* MultiplatformNewsApp */ = {
			isa = PBXNativeTarget;
			buildConfigurationList = B620AF5E29D1F0F400A7E3F3 /* Build configuration list for PBXNativeTarget "MultiplatformNewsApp" */;
			buildPhases = (
				B620AF4C29D1F0F200A7E3F3 /* Sources */,
				B620AF4D29D1F0F200A7E3F3 /* Frameworks */,
				B620AF4E29D1F0F200A7E3F3 /* Resources */,
			);
			buildRules = (
			);
			dependencies = (
			);
			name = MultiplatformNewsApp;
			productName = MultiplatformNewsApp;
			productReference = B620AF5029D1F0F200A7E3F3 /* MultiplatformNewsApp.app */;
			productType = "com.apple.product-type.application";
		};
		B620AF9929DC462E00A7E3F3 /* MultiplatformNewsAppMac */ = {
			isa = PBXNativeTarget;
			buildConfigurationList = B620AFA629DC463000A7E3F3 /* Build configuration list for PBXNativeTarget "MultiplatformNewsAppMac" */;
			buildPhases = (
				B620AF9629DC462E00A7E3F3 /* Sources */,
				B620AF9729DC462E00A7E3F3 /* Frameworks */,
				B620AF9829DC462E00A7E3F3 /* Resources */,
			);
			buildRules = (
			);
			dependencies = (
			);
			name = MultiplatformNewsAppMac;
			productName = MultiplatformNewsAppMac;
			productReference = B620AF9A29DC462E00A7E3F3 /* MultiplatformNewsApp.app */;
			productType = "com.apple.product-type.application";
		};
/* End PBXNativeTarget section */

/* Begin PBXProject section */
		B620AF4829D1F0F200A7E3F3 /* Project object */ = {
			isa = PBXProject;
			attributes = {
				BuildIndependentTargetsInParallel = 1;
				LastSwiftUpdateCheck = 1420;
				LastUpgradeCheck = 1420;
				TargetAttributes = {
					B620AF4F29D1F0F200A7E3F3 = {
						CreatedOnToolsVersion = 14.2;
					};
					B620AF9929DC462E00A7E3F3 = {
						CreatedOnToolsVersion = 14.2;
					};
				};
			};
			buildConfigurationList = B620AF4B29D1F0F200A7E3F3 /* Build configuration list for PBXProject "MultiplatformNewsApp" */;
			compatibilityVersion = "Xcode 14.0";
			developmentRegion = en;
			hasScannedForEncodings = 0;
			knownRegions = (
				en,
				Base,
			);
			mainGroup = B620AF4729D1F0F200A7E3F3;
			productRefGroup = B620AF5129D1F0F200A7E3F3 /* Products */;
			projectDirPath = "";
			projectRoot = "";
			targets = (
				B620AF4F29D1F0F200A7E3F3 /* MultiplatformNewsApp */,
				B620AF9929DC462E00A7E3F3 /* MultiplatformNewsAppMac */,
			);
		};
/* End PBXProject section */

/* Begin PBXResourcesBuildPhase section */
		B620AF4E29D1F0F200A7E3F3 /* Resources */ = {
			isa = PBXResourcesBuildPhase;
			buildActionMask = 2147483647;
			files = (
				B620AF5B29D1F0F400A7E3F3 /* Preview Assets.xcassets in Resources */,
				B620AF6529D2E8B900A7E3F3 /* ArticleMoc.json in Resources */,
				B620AF5829D1F0F400A7E3F3 /* Assets.xcassets in Resources */,
			);
			runOnlyForDeploymentPostprocessing = 0;
		};
		B620AF9829DC462E00A7E3F3 /* Resources */ = {
			isa = PBXResourcesBuildPhase;
			buildActionMask = 2147483647;
			files = (
				B620AFB529DC49B100A7E3F3 /* ArticleMoc.json in Resources */,
				B620AFA429DC463000A7E3F3 /* Preview Assets.xcassets in Resources */,
				B620AFA129DC463000A7E3F3 /* Assets.xcassets in Resources */,
			);
			runOnlyForDeploymentPostprocessing = 0;
		};
/* End PBXResourcesBuildPhase section */

/* Begin PBXSourcesBuildPhase section */
		B620AF4C29D1F0F200A7E3F3 /* Sources */ = {
			isa = PBXSourcesBuildPhase;
			buildActionMask = 2147483647;
			files = (
				B620AF6829D2ED3000A7E3F3 /* ArticleAPIResponse.swift in Sources */,
				B620AF8729D466E200A7E3F3 /* DataStore.swift in Sources */,
				B620AF7E29D342C000A7E3F3 /* EmotyPlaceholderView.swift in Sources */,
				B620AF6E29D30B2200A7E3F3 /* ArticleListView.swift in Sources */,
				B620AF6B29D2F6A300A7E3F3 /* ArticleRowView.swift in Sources */,
				B620AF8D29D493EF00A7E3F3 /* SearchHistoryListView.swift in Sources */,
				B620AF8029D4332800A7E3F3 /* RetryView.swift in Sources */,
				B620AF5629D1F0F200A7E3F3 /* ContentView.swift in Sources */,
				B620AF6329D2E46C00A7E3F3 /* ArticleModel.swift in Sources */,
				B620AF9129D5C34500A7E3F3 /* SidebarContentView.swift in Sources */,
				B620AF8B29D485A800A7E3F3 /* SearchTabView.swift in Sources */,
				B620AF9329D5C5A900A7E3F3 /* MenuItems.swift in Sources */,
				B620AF5429D1F0F200A7E3F3 /* MultiplatformNewsAppApp.swift in Sources */,
				B620AF7A29D32A7E00A7E3F3 /* ArticleNewsVM.swift in Sources */,
				B620AF8F29D5C31200A7E3F3 /* TabContentView.swift in Sources */,
				B620AF8329D453A000A7E3F3 /* ArticleBookmarkVM.swift in Sources */,
				B620AF7C29D32FCA00A7E3F3 /* NewsTabView.swift in Sources */,
				B620AF7029D30CD300A7E3F3 /* SafariView.swift in Sources */,
				B620AF9529DB109A00A7E3F3 /* TabMenuItem.swift in Sources */,
				B620AF8929D483C100A7E3F3 /* ArticleSearchVM.swift in Sources */,
				B620AF7729D3234600A7E3F3 /* CategoryEnum.swift in Sources */,
				B620AF7529D322A500A7E3F3 /* NewsAPI.swift in Sources */,
				B620AF8529D4628800A7E3F3 /* BookmarkTabView.swift in Sources */,
			);
			runOnlyForDeploymentPostprocessing = 0;
		};
		B620AF9629DC462E00A7E3F3 /* Sources */ = {
			isa = PBXSourcesBuildPhase;
			buildActionMask = 2147483647;
			files = (
				B620AFB829DC49B100A7E3F3 /* ArticleModel.swift in Sources */,
				B620AFBF29DC63EA00A7E3F3 /* ArticleListView.swift in Sources */,
				B620AFB129DC49B100A7E3F3 /* ArticleAPIResponse.swift in Sources */,
				B620AFB229DC49B100A7E3F3 /* DataStore.swift in Sources */,
				B620AF9F29DC462E00A7E3F3 /* ContentView.swift in Sources */,
				B620AFB029DC49B100A7E3F3 /* ArticleSearchVM.swift in Sources */,
				B620AF9D29DC462E00A7E3F3 /* MultiplatformNewsAppMacApp.swift in Sources */,
				B620AFBD29DC63EA00A7E3F3 /* EmotyPlaceholderView.swift in Sources */,
				B620AFC629DF1F2B00A7E3F3 /* NewsCommands.swift in Sources */,
				B620AFAF29DC49B100A7E3F3 /* ArticleNewsVM.swift in Sources */,
				B620AFBE29DC63EA00A7E3F3 /* ArticleRowView.swift in Sources */,
				B620AFB329DC49B100A7E3F3 /* CategoryEnum.swift in Sources */,
				B620AFC029DC63EA00A7E3F3 /* NewsTabView.swift in Sources */,
				B620AFC429DF147700A7E3F3 /* FocusedValue+RefreshAction.swift in Sources */,
				B620AFB729DC49B100A7E3F3 /* MenuItems.swift in Sources */,
				B620AFBB29DC4EAA00A7E3F3 /* SidebarListView.swift in Sources */,
				B620AFC229DC892400A7E3F3 /* BookmarkTabView.swift in Sources */,
				B620AFB429DC49B100A7E3F3 /* NewsAPI.swift in Sources */,
				B620AFB629DC49B100A7E3F3 /* ArticleBookmarkVM.swift in Sources */,
				B620AFC129DC63EA00A7E3F3 /* RetryView.swift in Sources */,
			);
			runOnlyForDeploymentPostprocessing = 0;
		};
/* End PBXSourcesBuildPhase section */

/* Begin XCBuildConfiguration section */
		B620AF5C29D1F0F400A7E3F3 /* Debug */ = {
			isa = XCBuildConfiguration;
			buildSettings = {
				ALWAYS_SEARCH_USER_PATHS = NO;
				CLANG_ANALYZER_NONNULL = YES;
				CLANG_ANALYZER_NUMBER_OBJECT_CONVERSION = YES_AGGRESSIVE;
				CLANG_CXX_LANGUAGE_STANDARD = "gnu++20";
				CLANG_ENABLE_MODULES = YES;
				CLANG_ENABLE_OBJC_ARC = YES;
				CLANG_ENABLE_OBJC_WEAK = YES;
				CLANG_WARN_BLOCK_CAPTURE_AUTORELEASING = YES;
				CLANG_WARN_BOOL_CONVERSION = YES;
				CLANG_WARN_COMMA = YES;
				CLANG_WARN_CONSTANT_CONVERSION = YES;
				CLANG_WARN_DEPRECATED_OBJC_IMPLEMENTATIONS = YES;
				CLANG_WARN_DIRECT_OBJC_ISA_USAGE = YES_ERROR;
				CLANG_WARN_DOCUMENTATION_COMMENTS = YES;
				CLANG_WARN_EMPTY_BODY = YES;
				CLANG_WARN_ENUM_CONVERSION = YES;
				CLANG_WARN_INFINITE_RECURSION = YES;
				CLANG_WARN_INT_CONVERSION = YES;
				CLANG_WARN_NON_LITERAL_NULL_CONVERSION = YES;
				CLANG_WARN_OBJC_IMPLICIT_RETAIN_SELF = YES;
				CLANG_WARN_OBJC_LITERAL_CONVERSION = YES;
				CLANG_WARN_OBJC_ROOT_CLASS = YES_ERROR;
				CLANG_WARN_QUOTED_INCLUDE_IN_FRAMEWORK_HEADER = YES;
				CLANG_WARN_RANGE_LOOP_ANALYSIS = YES;
				CLANG_WARN_STRICT_PROTOTYPES = YES;
				CLANG_WARN_SUSPICIOUS_MOVE = YES;
				CLANG_WARN_UNGUARDED_AVAILABILITY = YES_AGGRESSIVE;
				CLANG_WARN_UNREACHABLE_CODE = YES;
				CLANG_WARN__DUPLICATE_METHOD_MATCH = YES;
				COPY_PHASE_STRIP = NO;
				DEBUG_INFORMATION_FORMAT = dwarf;
				ENABLE_STRICT_OBJC_MSGSEND = YES;
				ENABLE_TESTABILITY = YES;
				GCC_C_LANGUAGE_STANDARD = gnu11;
				GCC_DYNAMIC_NO_PIC = NO;
				GCC_NO_COMMON_BLOCKS = YES;
				GCC_OPTIMIZATION_LEVEL = 0;
				GCC_PREPROCESSOR_DEFINITIONS = (
					"DEBUG=1",
					"$(inherited)",
				);
				GCC_WARN_64_TO_32_BIT_CONVERSION = YES;
				GCC_WARN_ABOUT_RETURN_TYPE = YES_ERROR;
				GCC_WARN_UNDECLARED_SELECTOR = YES;
				GCC_WARN_UNINITIALIZED_AUTOS = YES_AGGRESSIVE;
				GCC_WARN_UNUSED_FUNCTION = YES;
				GCC_WARN_UNUSED_VARIABLE = YES;
				IPHONEOS_DEPLOYMENT_TARGET = 15.0;
				MACOSX_DEPLOYMENT_TARGET = 12.0;
				MTL_ENABLE_DEBUG_INFO = INCLUDE_SOURCE;
				MTL_FAST_MATH = YES;
				ONLY_ACTIVE_ARCH = YES;
				SDKROOT = iphoneos;
				SWIFT_ACTIVE_COMPILATION_CONDITIONS = DEBUG;
				SWIFT_OPTIMIZATION_LEVEL = "-Onone";
			};
			name = Debug;
		};
		B620AF5D29D1F0F400A7E3F3 /* Release */ = {
			isa = XCBuildConfiguration;
			buildSettings = {
				ALWAYS_SEARCH_USER_PATHS = NO;
				CLANG_ANALYZER_NONNULL = YES;
				CLANG_ANALYZER_NUMBER_OBJECT_CONVERSION = YES_AGGRESSIVE;
				CLANG_CXX_LANGUAGE_STANDARD = "gnu++20";
				CLANG_ENABLE_MODULES = YES;
				CLANG_ENABLE_OBJC_ARC = YES;
				CLANG_ENABLE_OBJC_WEAK = YES;
				CLANG_WARN_BLOCK_CAPTURE_AUTORELEASING = YES;
				CLANG_WARN_BOOL_CONVERSION = YES;
				CLANG_WARN_COMMA = YES;
				CLANG_WARN_CONSTANT_CONVERSION = YES;
				CLANG_WARN_DEPRECATED_OBJC_IMPLEMENTATIONS = YES;
				CLANG_WARN_DIRECT_OBJC_ISA_USAGE = YES_ERROR;
				CLANG_WARN_DOCUMENTATION_COMMENTS = YES;
				CLANG_WARN_EMPTY_BODY = YES;
				CLANG_WARN_ENUM_CONVERSION = YES;
				CLANG_WARN_INFINITE_RECURSION = YES;
				CLANG_WARN_INT_CONVERSION = YES;
				CLANG_WARN_NON_LITERAL_NULL_CONVERSION = YES;
				CLANG_WARN_OBJC_IMPLICIT_RETAIN_SELF = YES;
				CLANG_WARN_OBJC_LITERAL_CONVERSION = YES;
				CLANG_WARN_OBJC_ROOT_CLASS = YES_ERROR;
				CLANG_WARN_QUOTED_INCLUDE_IN_FRAMEWORK_HEADER = YES;
				CLANG_WARN_RANGE_LOOP_ANALYSIS = YES;
				CLANG_WARN_STRICT_PROTOTYPES = YES;
				CLANG_WARN_SUSPICIOUS_MOVE = YES;
				CLANG_WARN_UNGUARDED_AVAILABILITY = YES_AGGRESSIVE;
				CLANG_WARN_UNREACHABLE_CODE = YES;
				CLANG_WARN__DUPLICATE_METHOD_MATCH = YES;
				COPY_PHASE_STRIP = NO;
				DEBUG_INFORMATION_FORMAT = "dwarf-with-dsym";
				ENABLE_NS_ASSERTIONS = NO;
				ENABLE_STRICT_OBJC_MSGSEND = YES;
				GCC_C_LANGUAGE_STANDARD = gnu11;
				GCC_NO_COMMON_BLOCKS = YES;
				GCC_WARN_64_TO_32_BIT_CONVERSION = YES;
				GCC_WARN_ABOUT_RETURN_TYPE = YES_ERROR;
				GCC_WARN_UNDECLARED_SELECTOR = YES;
				GCC_WARN_UNINITIALIZED_AUTOS = YES_AGGRESSIVE;
				GCC_WARN_UNUSED_FUNCTION = YES;
				GCC_WARN_UNUSED_VARIABLE = YES;
				IPHONEOS_DEPLOYMENT_TARGET = 15.0;
				MACOSX_DEPLOYMENT_TARGET = 12.0;
				MTL_ENABLE_DEBUG_INFO = NO;
				MTL_FAST_MATH = YES;
				SDKROOT = iphoneos;
				SWIFT_COMPILATION_MODE = wholemodule;
				SWIFT_OPTIMIZATION_LEVEL = "-O";
				VALIDATE_PRODUCT = YES;
			};
			name = Release;
		};
		B620AF5F29D1F0F400A7E3F3 /* Debug */ = {
			isa = XCBuildConfiguration;
			buildSettings = {
				ASSETCATALOG_COMPILER_APPICON_NAME = AppIcon;
				ASSETCATALOG_COMPILER_GLOBAL_ACCENT_COLOR_NAME = AccentColor;
				CODE_SIGN_STYLE = Automatic;
				CURRENT_PROJECT_VERSION = 1;
				DEVELOPMENT_ASSET_PATHS = "\"MultiplatformNewsApp/Preview Content\"";
				DEVELOPMENT_TEAM = 375MTX42Q8;
				ENABLE_PREVIEWS = YES;
				GENERATE_INFOPLIST_FILE = YES;
				INFOPLIST_FILE = MultiplatformNewsApp/Info.plist;
				INFOPLIST_KEY_LSApplicationCategoryType = "";
				INFOPLIST_KEY_UIApplicationSceneManifest_Generation = YES;
				INFOPLIST_KEY_UIApplicationSupportsIndirectInputEvents = YES;
				INFOPLIST_KEY_UILaunchScreen_Generation = YES;
				INFOPLIST_KEY_UISupportedInterfaceOrientations_iPad = "UIInterfaceOrientationPortrait UIInterfaceOrientationPortraitUpsideDown UIInterfaceOrientationLandscapeLeft UIInterfaceOrientationLandscapeRight";
				INFOPLIST_KEY_UISupportedInterfaceOrientations_iPhone = "UIInterfaceOrientationPortrait UIInterfaceOrientationLandscapeLeft UIInterfaceOrientationLandscapeRight";
				IPHONEOS_DEPLOYMENT_TARGET = 15.0;
				LD_RUNPATH_SEARCH_PATHS = (
					"$(inherited)",
					"@executable_path/Frameworks",
				);
				MARKETING_VERSION = 1.0;
				PRODUCT_BUNDLE_IDENTIFIER = "Andrei-Panasenko.MultiplatformNewsApp";
				PRODUCT_NAME = "$(TARGET_NAME)";
				SUPPORTED_PLATFORMS = "iphoneos iphonesimulator";
				SUPPORTS_MACCATALYST = NO;
				SUPPORTS_MAC_DESIGNED_FOR_IPHONE_IPAD = NO;
				SWIFT_EMIT_LOC_STRINGS = YES;
				SWIFT_VERSION = 5.0;
				TARGETED_DEVICE_FAMILY = "1,2";
			};
			name = Debug;
		};
		B620AF6029D1F0F400A7E3F3 /* Release */ = {
			isa = XCBuildConfiguration;
			buildSettings = {
				ASSETCATALOG_COMPILER_APPICON_NAME = AppIcon;
				ASSETCATALOG_COMPILER_GLOBAL_ACCENT_COLOR_NAME = AccentColor;
				CODE_SIGN_STYLE = Automatic;
				CURRENT_PROJECT_VERSION = 1;
				DEVELOPMENT_ASSET_PATHS = "\"MultiplatformNewsApp/Preview Content\"";
				DEVELOPMENT_TEAM = 375MTX42Q8;
				ENABLE_PREVIEWS = YES;
				GENERATE_INFOPLIST_FILE = YES;
				INFOPLIST_FILE = MultiplatformNewsApp/Info.plist;
				INFOPLIST_KEY_LSApplicationCategoryType = "";
				INFOPLIST_KEY_UIApplicationSceneManifest_Generation = YES;
				INFOPLIST_KEY_UIApplicationSupportsIndirectInputEvents = YES;
				INFOPLIST_KEY_UILaunchScreen_Generation = YES;
				INFOPLIST_KEY_UISupportedInterfaceOrientations_iPad = "UIInterfaceOrientationPortrait UIInterfaceOrientationPortraitUpsideDown UIInterfaceOrientationLandscapeLeft UIInterfaceOrientationLandscapeRight";
				INFOPLIST_KEY_UISupportedInterfaceOrientations_iPhone = "UIInterfaceOrientationPortrait UIInterfaceOrientationLandscapeLeft UIInterfaceOrientationLandscapeRight";
				IPHONEOS_DEPLOYMENT_TARGET = 15.0;
				LD_RUNPATH_SEARCH_PATHS = (
					"$(inherited)",
					"@executable_path/Frameworks",
				);
				MARKETING_VERSION = 1.0;
				PRODUCT_BUNDLE_IDENTIFIER = "Andrei-Panasenko.MultiplatformNewsApp";
				PRODUCT_NAME = "$(TARGET_NAME)";
				SUPPORTED_PLATFORMS = "iphoneos iphonesimulator";
				SUPPORTS_MACCATALYST = NO;
				SUPPORTS_MAC_DESIGNED_FOR_IPHONE_IPAD = NO;
				SWIFT_EMIT_LOC_STRINGS = YES;
				SWIFT_VERSION = 5.0;
				TARGETED_DEVICE_FAMILY = "1,2";
			};
			name = Release;
		};
		B620AFA729DC463000A7E3F3 /* Debug */ = {
			isa = XCBuildConfiguration;
			buildSettings = {
				ASSETCATALOG_COMPILER_APPICON_NAME = AppIcon;
				ASSETCATALOG_COMPILER_GLOBAL_ACCENT_COLOR_NAME = AccentColor;
				CODE_SIGN_ENTITLEMENTS = MultiplatformNewsAppMac/MultiplatformNewsAppMac.entitlements;
				CODE_SIGN_STYLE = Automatic;
				COMBINE_HIDPI_IMAGES = YES;
				CURRENT_PROJECT_VERSION = 1;
				DEVELOPMENT_ASSET_PATHS = "\"MultiplatformNewsAppMac/Preview Content\"";
				DEVELOPMENT_TEAM = 375MTX42Q8;
				ENABLE_HARDENED_RUNTIME = YES;
				ENABLE_PREVIEWS = YES;
				GENERATE_INFOPLIST_FILE = YES;
				INFOPLIST_FILE = MultiplatformNewsAppMac/Info.plist;
				INFOPLIST_KEY_NSHumanReadableCopyright = "";
				LD_RUNPATH_SEARCH_PATHS = (
					"$(inherited)",
					"@executable_path/../Frameworks",
				);
				MACOSX_DEPLOYMENT_TARGET = 12.0;
				MARKETING_VERSION = 1.0;
				PRODUCT_BUNDLE_IDENTIFIER = "Andrei-Panasenko.MultiplatformNewsAppMac";
				PRODUCT_NAME = MultiplatformNewsApp;
				SDKROOT = macosx;
				SWIFT_EMIT_LOC_STRINGS = YES;
				SWIFT_VERSION = 5.0;
			};
			name = Debug;
		};
		B620AFA829DC463000A7E3F3 /* Release */ = {
			isa = XCBuildConfiguration;
			buildSettings = {
				ASSETCATALOG_COMPILER_APPICON_NAME = AppIcon;
				ASSETCATALOG_COMPILER_GLOBAL_ACCENT_COLOR_NAME = AccentColor;
				CODE_SIGN_ENTITLEMENTS = MultiplatformNewsAppMac/MultiplatformNewsAppMac.entitlements;
				CODE_SIGN_STYLE = Automatic;
				COMBINE_HIDPI_IMAGES = YES;
				CURRENT_PROJECT_VERSION = 1;
				DEVELOPMENT_ASSET_PATHS = "\"MultiplatformNewsAppMac/Preview Content\"";
				DEVELOPMENT_TEAM = 375MTX42Q8;
				ENABLE_HARDENED_RUNTIME = YES;
				ENABLE_PREVIEWS = YES;
				GENERATE_INFOPLIST_FILE = YES;
				INFOPLIST_FILE = MultiplatformNewsAppMac/Info.plist;
				INFOPLIST_KEY_NSHumanReadableCopyright = "";
				LD_RUNPATH_SEARCH_PATHS = (
					"$(inherited)",
					"@executable_path/../Frameworks",
				);
				MACOSX_DEPLOYMENT_TARGET = 12.0;
				MARKETING_VERSION = 1.0;
				PRODUCT_BUNDLE_IDENTIFIER = "Andrei-Panasenko.MultiplatformNewsAppMac";
				PRODUCT_NAME = MultiplatformNewsApp;
				SDKROOT = macosx;
				SWIFT_EMIT_LOC_STRINGS = YES;
				SWIFT_VERSION = 5.0;
			};
			name = Release;
		};
/* End XCBuildConfiguration section */

/* Begin XCConfigurationList section */
		B620AF4B29D1F0F200A7E3F3 /* Build configuration list for PBXProject "MultiplatformNewsApp" */ = {
			isa = XCConfigurationList;
			buildConfigurations = (
				B620AF5C29D1F0F400A7E3F3 /* Debug */,
				B620AF5D29D1F0F400A7E3F3 /* Release */,
			);
			defaultConfigurationIsVisible = 0;
			defaultConfigurationName = Release;
		};
		B620AF5E29D1F0F400A7E3F3 /* Build configuration list for PBXNativeTarget "MultiplatformNewsApp" */ = {
			isa = XCConfigurationList;
			buildConfigurations = (
				B620AF5F29D1F0F400A7E3F3 /* Debug */,
				B620AF6029D1F0F400A7E3F3 /* Release */,
			);
			defaultConfigurationIsVisible = 0;
			defaultConfigurationName = Release;
		};
		B620AFA629DC463000A7E3F3 /* Build configuration list for PBXNativeTarget "MultiplatformNewsAppMac" */ = {
			isa = XCConfigurationList;
			buildConfigurations = (
				B620AFA729DC463000A7E3F3 /* Debug */,
				B620AFA829DC463000A7E3F3 /* Release */,
			);
			defaultConfigurationIsVisible = 0;
			defaultConfigurationName = Release;
		};
/* End XCConfigurationList section */
	};
	rootObject = B620AF4829D1F0F200A7E3F3 /* Project object */;
}
